
Microsoft Visual Studio Solution File, Format Version 12.00
# Visual Studio Version 16
VisualStudioVersion = 16.0.29728.190
MinimumVisualStudioVersion = 10.0.40219.1
Project("{9A19103F-16F7-4668-BE54-9A1E7A4F7556}") = "VOD.UI", "VOD.UI\VOD.UI.csproj", "{31119F49-6E79-4D42-87B4-A8A0D1E19F50}"
EndProject
Project("{FAE04EC0-301F-11D3-BF4B-00C04F79EFBC}") = "VOD.Database", "VOD.Database\VOD.Database.csproj", "{1493B05A-21A2-4F72-8089-F9B2C8C4EA48}"
EndProject
Project("{FAE04EC0-301F-11D3-BF4B-00C04F79EFBC}") = "VOD.Common", "VOD.Common\VOD.Common.csproj", "{C1A7B6AE-2758-4B1E-BF1C-8D2062EDC82E}"
EndProject
Global
	GlobalSection(SolutionConfigurationPlatforms) = preSolution
		Debug|Any CPU = Debug|Any CPU
		Release|Any CPU = Release|Any CPU
	EndGlobalSection
	GlobalSection(ProjectConfigurationPlatforms) = postSolution
		{31119F49-6E79-4D42-87B4-A8A0D1E19F50}.Debug|Any CPU.ActiveCfg = Debug|Any CPU
		{31119F49-6E79-4D42-87B4-A8A0D1E19F50}.Debug|Any CPU.Build.0 = Debug|Any CPU
		{31119F49-6E79-4D42-87B4-A8A0D1E19F50}.Release|Any CPU.ActiveCfg = Release|Any CPU
		{31119F49-6E79-4D42-87B4-A8A0D1E19F50}.Release|Any CPU.Build.0 = Release|Any CPU
		{1493B05A-21A2-4F72-8089-F9B2C8C4EA48}.Debug|Any CPU.ActiveCfg = Debug|Any CPU
		{1493B05A-21A2-4F72-8089-F9B2C8C4EA48}.Debug|Any CPU.Build.0 = Debug|Any CPU
		{1493B05A-21A2-4F72-8089-F9B2C8C4EA48}.Release|Any CPU.ActiveCfg = Release|Any CPU
		{1493B05A-21A2-4F72-8089-F9B2C8C4EA48}.Release|Any CPU.Build.0 = Release|Any CPU
		{C1A7B6AE-2758-4B1E-BF1C-8D2062EDC82E}.Debug|Any CPU.ActiveCfg = Debug|Any CPU
		{C1A7B6AE-2758-4B1E-BF1C-8D2062EDC82E}.Debug|Any CPU.Build.0 = Debug|Any CPU
		{C1A7B6AE-2758-4B1E-BF1C-8D2062EDC82E}.Release|Any CPU.ActiveCfg = Release|Any CPU
		{C1A7B6AE-2758-4B1E-BF1C-8D2062EDC82E}.Release|Any CPU.Build.0 = Release|Any CPU
	EndGlobalSection
	GlobalSection(SolutionProperties) = preSolution
		HideSolutionNode = FALSE
	EndGlobalSection
	GlobalSection(ExtensibilityGlobals) = postSolution
		SolutionGuid = {7E64CB43-A797-4052-8507-35305E5F4892}
	EndGlobalSection
EndGlobal
